
Microsoft Visual Studio Solution File, Format Version 12.00
# Visual Studio Version 17
VisualStudioVersion = 17.7.34003.232
MinimumVisualStudioVersion = 10.0.40219.1
Project("{9A19103F-16F7-4668-BE54-9A1E7A4F7556}") = "DotNet.Docker", "DotNet.Docker\DotNet.Docker.csproj", "{7A289FAC-EDAE-4411-A6C2-62CD0AE7ED80}"
EndProject
Project("{FAE04EC0-301F-11D3-BF4B-00C04F79EFBC}") = "AspNetDotNet.Docker", "AspNetDotNet.Docker\AspNetDotNet.Docker.csproj", "{48B6F8EC-1B3C-416D-BB80-99B4F0B90BD5}"
EndProject
Global
	GlobalSection(SolutionConfigurationPlatforms) = preSolution
		Debug|Any CPU = Debug|Any CPU
		Release|Any CPU = Release|Any CPU
	EndGlobalSection
	GlobalSection(ProjectConfigurationPlatforms) = postSolution
		{7A289FAC-EDAE-4411-A6C2-62CD0AE7ED80}.Debug|Any CPU.ActiveCfg = Debug|Any CPU
		{7A289FAC-EDAE-4411-A6C2-62CD0AE7ED80}.Debug|Any CPU.Build.0 = Debug|Any CPU
		{7A289FAC-EDAE-4411-A6C2-62CD0AE7ED80}.Release|Any CPU.ActiveCfg = Release|Any CPU
		{7A289FAC-EDAE-4411-A6C2-62CD0AE7ED80}.Release|Any CPU.Build.0 = Release|Any CPU
		{48B6F8EC-1B3C-416D-BB80-99B4F0B90BD5}.Debug|Any CPU.ActiveCfg = Debug|Any CPU
		{48B6F8EC-1B3C-416D-BB80-99B4F0B90BD5}.Debug|Any CPU.Build.0 = Debug|Any CPU
		{48B6F8EC-1B3C-416D-BB80-99B4F0B90BD5}.Release|Any CPU.ActiveCfg = Release|Any CPU
		{48B6F8EC-1B3C-416D-BB80-99B4F0B90BD5}.Release|Any CPU.Build.0 = Release|Any CPU
	EndGlobalSection
	GlobalSection(SolutionProperties) = preSolution
		HideSolutionNode = FALSE
	EndGlobalSection
	GlobalSection(ExtensibilityGlobals) = postSolution
		SolutionGuid = {99226468-FD71-4D75-8BD3-C85A3D36B08C}
	EndGlobalSection
EndGlobal
